
Microsoft Visual Studio Solution File, Format Version 12.00
# Visual Studio Version 17
VisualStudioVersion = 17.7.34024.191
MinimumVisualStudioVersion = 10.0.40219.1
Project("{FAE04EC0-301F-11D3-BF4B-00C04F79EFBC}") = "Stacks and Variable Memory Sharing", "Stacks and Variable Memory Sharing\Stacks and Variable Memory Sharing.csproj", "{796C31FA-9396-4D12-B57F-DC539DBDC003}"
EndProject
Global
	GlobalSection(SolutionConfigurationPlatforms) = preSolution
		Debug|Any CPU = Debug|Any CPU
		Release|Any CPU = Release|Any CPU
	EndGlobalSection
	GlobalSection(ProjectConfigurationPlatforms) = postSolution
		{796C31FA-9396-4D12-B57F-DC539DBDC003}.Debug|Any CPU.ActiveCfg = Debug|Any CPU
		{796C31FA-9396-4D12-B57F-DC539DBDC003}.Debug|Any CPU.Build.0 = Debug|Any CPU
		{796C31FA-9396-4D12-B57F-DC539DBDC003}.Release|Any CPU.ActiveCfg = Release|Any CPU
		{796C31FA-9396-4D12-B57F-DC539DBDC003}.Release|Any CPU.Build.0 = Release|Any CPU
	EndGlobalSection
	GlobalSection(SolutionProperties) = preSolution
		HideSolutionNode = FALSE
	EndGlobalSection
	GlobalSection(ExtensibilityGlobals) = postSolution
		SolutionGuid = {03708A92-6220-41B6-9223-4B0E6249DED0}
	EndGlobalSection
EndGlobal
